
Microsoft Visual Studio Solution File, Format Version 12.00
# Visual Studio 14
VisualStudioVersion = 14.0.25420.1
MinimumVisualStudioVersion = 10.0.40219.1
Project("{FAE04EC0-301F-11D3-BF4B-00C04F79EFBC}") = "CarDealershipTest", "CarDealershipTest\CarDealershipTest.csproj", "{9AC5340A-1A3F-4AD7-8D4D-F33E87574EA2}"
EndProject
Project("{FAE04EC0-301F-11D3-BF4B-00C04F79EFBC}") = "CarDealershipTest.Tests", "CarDealershipTest.Tests\CarDealershipTest.Tests.csproj", "{1710AE9C-612E-4EB5-A3A1-A21449C38615}"
EndProject
Global
	GlobalSection(SolutionConfigurationPlatforms) = preSolution
		Debug|Any CPU = Debug|Any CPU
		Release|Any CPU = Release|Any CPU
	EndGlobalSection
	GlobalSection(ProjectConfigurationPlatforms) = postSolution
		{9AC5340A-1A3F-4AD7-8D4D-F33E87574EA2}.Debug|Any CPU.ActiveCfg = Debug|Any CPU
		{9AC5340A-1A3F-4AD7-8D4D-F33E87574EA2}.Debug|Any CPU.Build.0 = Debug|Any CPU
		{9AC5340A-1A3F-4AD7-8D4D-F33E87574EA2}.Release|Any CPU.ActiveCfg = Release|Any CPU
		{9AC5340A-1A3F-4AD7-8D4D-F33E87574EA2}.Release|Any CPU.Build.0 = Release|Any CPU
		{1710AE9C-612E-4EB5-A3A1-A21449C38615}.Debug|Any CPU.ActiveCfg = Debug|Any CPU
		{1710AE9C-612E-4EB5-A3A1-A21449C38615}.Debug|Any CPU.Build.0 = Debug|Any CPU
		{1710AE9C-612E-4EB5-A3A1-A21449C38615}.Release|Any CPU.ActiveCfg = Release|Any CPU
		{1710AE9C-612E-4EB5-A3A1-A21449C38615}.Release|Any CPU.Build.0 = Release|Any CPU
	EndGlobalSection
	GlobalSection(SolutionProperties) = preSolution
		HideSolutionNode = FALSE
	EndGlobalSection
EndGlobal
